<?xml version="1.0" encoding="utf-8"?>
<Project ToolsVersion="4.0" xmlns="http://schemas.microsoft.com/developer/msbuild/2003">
  <ItemGroup>
    <Filter Include="Source Files">
      <UniqueIdentifier>{4FC737F1-C7A5-4376-A066-2A32D752A2FF}</UniqueIdentifier>
      <Extensions>cpp;c;cc;cxx;def;odl;idl;hpj;bat;asm;asmx</Extensions>
    </Filter>
    <Filter Include="Header Files">
      <UniqueIdentifier>{93995380-89BD-4b04-88EB-625FBE52EBFB}</UniqueIdentifier>
      <Extensions>h;hh;hpp;hxx;hm;inl;inc;xsd</Extensions>
    </Filter>
    <Filter Include="Resource Files">
      <UniqueIdentifier>{67DA6AB6-F800-4c08-8B7A-83BB121AAD01}</UniqueIdentifier>
      <Extensions>rc;ico;cur;bmp;dlg;rc2;rct;bin;rgs;gif;jpg;jpeg;jpe;resx;tiff;tif;png;wav;mfcribbon-ms</Extensions>
    </Filter>
    <Filter Include="shaders">
      <UniqueIdentifier>{c8cced7d-c7e7-4576-8d1b-1b9b0989c8c3}</UniqueIdentifier>
    </Filter>
    <Filter Include="textures">
      <UniqueIdentifier>{3f0b03b3-0ae2-4287-a6d5-f891563afd74}</UniqueIdentifier>
    </Filter>
  </ItemGroup>
  <ItemGroup>
    <None Include="shaders\basic.vert">
      <Filter>shaders</Filter>
    </None>
    <None Include="shaders\phong.frag">
      <Filter>shaders</Filter>
    </None>
    <None Include="shaders\reflect.frag">
      <Filter>shaders</Filter>
    </None>
    <None Include="shaders\reflect.vert">
      <Filter>shaders</Filter>
    </None>
    <None Include="shaders\skybox.frag">
      <Filter>shaders</Filter>
    </None>
    <None Include="shaders\skybox.vert">
      <Filter>shaders</Filter>
    </None>
    <None Include="shaders\texture.frag">
      <Filter>shaders</Filter>
    </None>
    <None Include="shaders\texture.vert">
      <Filter>shaders</Filter>
    </None>
    <None Include="textures\P2_HP.ppm">
      <Filter>textures</Filter>
    </None>
    <None Include="textures\P2_UI.ppm">
      <Filter>textures</Filter>
    </None>
    <None Include="shaders\ui.vert">
      <Filter>shaders</Filter>
    </None>
    <None Include="shaders\ui.frag">
      <Filter>shaders</Filter>
    </None>
    <None Include="shaders\ui_rect.vert">
      <Filter>shaders</Filter>
    </None>
    <None Include="shaders\ui_rect.frag">
      <Filter>shaders</Filter>
    </None>
    <None Include="packages.config" />
  </ItemGroup>
  <ItemGroup>
    <ClInclude Include="Globals.h">
      <Filter>Header Files</Filter>
    </ClInclude>
    <ClInclude Include="main.h">
      <Filter>Header Files</Filter>
    </ClInclude>
    <ClInclude Include="Materials.h">
      <Filter>Header Files</Filter>
    </ClInclude>
    <ClInclude Include="OBJObject.h">
      <Filter>Header Files</Filter>
    </ClInclude>
    <ClInclude Include="Plane.h">
      <Filter>Header Files</Filter>
    </ClInclude>
    <ClInclude Include="Skybox.h">
      <Filter>Header Files</Filter>
    </ClInclude>
    <ClInclude Include="Texture.h">
      <Filter>Header Files</Filter>
    </ClInclude>
    <ClInclude Include="NetworkService.h">
      <Filter>Header Files</Filter>
    </ClInclude>
    <ClInclude Include="ClientNetwork.h">
      <Filter>Header Files</Filter>
    </ClInclude>
    <ClInclude Include="NetworkData.h">
      <Filter>Header Files</Filter>
    </ClInclude>
    <ClInclude Include="ServerNetwork.h">
      <Filter>Header Files</Filter>
    </ClInclude>
    <ClInclude Include="ServerGame.h">
      <Filter>Header Files</Filter>
    </ClInclude>
    <ClInclude Include="ClientGame.h">
      <Filter>Header Files</Filter>
    </ClInclude>
    <ClInclude Include="UI_Bar.h">
      <Filter>Header Files</Filter>
    </ClInclude>
    <ClInclude Include="Actor.h">
      <Filter>Header Files</Filter>
    </ClInclude>
    <ClInclude Include="Project4.h">
      <Filter>Header Files</Filter>
    </ClInclude>
    <ClInclude Include="Shader.hpp">
      <Filter>Header Files</Filter>
    </ClInclude>
  </ItemGroup>
  <ItemGroup>
    <ClCompile Include="Materials.cpp">
      <Filter>Source Files</Filter>
    </ClCompile>
    <ClCompile Include="OBJObject.cpp">
      <Filter>Source Files</Filter>
    </ClCompile>
    <ClCompile Include="Plane.cpp">
      <Filter>Source Files</Filter>
    </ClCompile>
    <ClCompile Include="Skybox.cpp">
      <Filter>Source Files</Filter>
    </ClCompile>
    <ClCompile Include="Texture.cpp">
      <Filter>Source Files</Filter>
    </ClCompile>
    <ClCompile Include="NetworkService.cpp">
      <Filter>Source Files</Filter>
    </ClCompile>
    <ClCompile Include="ClientNetwork.cpp">
      <Filter>Source Files</Filter>
    </ClCompile>
    <ClCompile Include="ServerNetwork.cpp">
      <Filter>Source Files</Filter>
    </ClCompile>
    <ClCompile Include="ServerGame.cpp">
      <Filter>Source Files</Filter>
    </ClCompile>
    <ClCompile Include="ClientGame.cpp">
      <Filter>Source Files</Filter>
    </ClCompile>
    <ClCompile Include="UI_Bar.cpp">
      <Filter>Source Files</Filter>
    </ClCompile>
    <ClCompile Include="Actor.cpp">
      <Filter>Source Files</Filter>
    </ClCompile>
    <ClCompile Include="Oculus.cpp">
      <Filter>Source Files</Filter>
    </ClCompile>
    <ClCompile Include="Project4.cpp">
      <Filter>Source Files</Filter>
    </ClCompile>
  </ItemGroup>
</Project>